{
  "name": "urs-generation",
  "version": "1.0.0",
  "lockfileVersion": 1,
  "requires": true,
  "dependencies": {
    "@nastyox/rando.js": {
      "version": "2.0.5",
      "resolved": "https://registry.npmjs.org/@nastyox/rando.js/-/rando.js-2.0.5.tgz",
      "integrity": "sha512-a7s3h4vnpCVEYT+W+mBc4ykmwtO29DnFQQR/X6YSbJ+YenAvpYBRCeUgEoPEWGlUS1Hbw1IWIsiIFVXw0g2QLw=="
    }
  }
}
